
Microsoft Visual Studio Solution File, Format Version 12.00
# Visual Studio 15
VisualStudioVersion = 15.0.27703.2047
MinimumVisualStudioVersion = 10.0.40219.1
Project("{2150E333-8FDC-42A3-9474-1A3956D46DE8}") = "src", "src", "{61932DE3-6883-4C1D-B471-ABDCCD21E009}"
EndProject
Project("{2150E333-8FDC-42A3-9474-1A3956D46DE8}") = "tests", "tests", "{B5C145EE-FA7F-4277-B122-57A94F1C308D}"
EndProject
Project("{9A19103F-16F7-4668-BE54-9A1E7A4F7556}") = "CoinConversion.Api", "src\CoinConversion.Api\CoinConversion.Api.csproj", "{A1CA6C61-0989-40AC-91DA-9C687D7655EB}"
EndProject
Project("{9A19103F-16F7-4668-BE54-9A1E7A4F7556}") = "CoinConversion.Domain.Tests", "tests\CoinConversion.Domain.Tests\CoinConversion.Domain.Tests.csproj", "{4A0435A4-6EB0-4B02-931D-5BD0D70465B0}"
EndProject
Project("{9A19103F-16F7-4668-BE54-9A1E7A4F7556}") = "CoinConversion.Domain", "src\CoinConversion.Domain\CoinConversion.Domain.csproj", "{276F5271-1EAE-4E66-99E0-B797A77BB9D8}"
EndProject
Project("{FAE04EC0-301F-11D3-BF4B-00C04F79EFBC}") = "CoinConversion.Web", "src\CoinConversion.Web\CoinConversion.Web.csproj", "{62F5AAF0-6978-47C3-A143-D0402B9C5D4C}"
EndProject
Global
	GlobalSection(SolutionConfigurationPlatforms) = preSolution
		Debug|Any CPU = Debug|Any CPU
		Release|Any CPU = Release|Any CPU
	EndGlobalSection
	GlobalSection(ProjectConfigurationPlatforms) = postSolution
		{A1CA6C61-0989-40AC-91DA-9C687D7655EB}.Debug|Any CPU.ActiveCfg = Debug|Any CPU
		{A1CA6C61-0989-40AC-91DA-9C687D7655EB}.Debug|Any CPU.Build.0 = Debug|Any CPU
		{A1CA6C61-0989-40AC-91DA-9C687D7655EB}.Release|Any CPU.ActiveCfg = Release|Any CPU
		{A1CA6C61-0989-40AC-91DA-9C687D7655EB}.Release|Any CPU.Build.0 = Release|Any CPU
		{4A0435A4-6EB0-4B02-931D-5BD0D70465B0}.Debug|Any CPU.ActiveCfg = Debug|Any CPU
		{4A0435A4-6EB0-4B02-931D-5BD0D70465B0}.Debug|Any CPU.Build.0 = Debug|Any CPU
		{4A0435A4-6EB0-4B02-931D-5BD0D70465B0}.Release|Any CPU.ActiveCfg = Release|Any CPU
		{4A0435A4-6EB0-4B02-931D-5BD0D70465B0}.Release|Any CPU.Build.0 = Release|Any CPU
		{276F5271-1EAE-4E66-99E0-B797A77BB9D8}.Debug|Any CPU.ActiveCfg = Debug|Any CPU
		{276F5271-1EAE-4E66-99E0-B797A77BB9D8}.Debug|Any CPU.Build.0 = Debug|Any CPU
		{276F5271-1EAE-4E66-99E0-B797A77BB9D8}.Release|Any CPU.ActiveCfg = Release|Any CPU
		{276F5271-1EAE-4E66-99E0-B797A77BB9D8}.Release|Any CPU.Build.0 = Release|Any CPU
		{62F5AAF0-6978-47C3-A143-D0402B9C5D4C}.Debug|Any CPU.ActiveCfg = Debug|Any CPU
		{62F5AAF0-6978-47C3-A143-D0402B9C5D4C}.Debug|Any CPU.Build.0 = Debug|Any CPU
		{62F5AAF0-6978-47C3-A143-D0402B9C5D4C}.Release|Any CPU.ActiveCfg = Release|Any CPU
		{62F5AAF0-6978-47C3-A143-D0402B9C5D4C}.Release|Any CPU.Build.0 = Release|Any CPU
	EndGlobalSection
	GlobalSection(SolutionProperties) = preSolution
		HideSolutionNode = FALSE
	EndGlobalSection
	GlobalSection(NestedProjects) = preSolution
		{A1CA6C61-0989-40AC-91DA-9C687D7655EB} = {61932DE3-6883-4C1D-B471-ABDCCD21E009}
		{4A0435A4-6EB0-4B02-931D-5BD0D70465B0} = {B5C145EE-FA7F-4277-B122-57A94F1C308D}
		{276F5271-1EAE-4E66-99E0-B797A77BB9D8} = {61932DE3-6883-4C1D-B471-ABDCCD21E009}
		{62F5AAF0-6978-47C3-A143-D0402B9C5D4C} = {61932DE3-6883-4C1D-B471-ABDCCD21E009}
	EndGlobalSection
	GlobalSection(ExtensibilityGlobals) = postSolution
		SolutionGuid = {46A4B159-F4BF-457F-86DB-FC0C56722741}
	EndGlobalSection
EndGlobal
